
Microsoft Visual Studio Solution File, Format Version 12.00
# Visual Studio Version 17
VisualStudioVersion = 17.12.35707.178
MinimumVisualStudioVersion = 10.0.40219.1
Project("{FAE04EC0-301F-11D3-BF4B-00C04F79EFBC}") = "EmpleosSur.Domain", "EmpleosSur.Domain\EmpleosSur.Domain.csproj", "{2A8A7D10-E495-4587-917D-1CC96BD5FB22}"
EndProject
Project("{FAE04EC0-301F-11D3-BF4B-00C04F79EFBC}") = "EmpleosSur.Application", "EmpleosSur.Application\EmpleosSur.Application.csproj", "{2D4AA0B9-C08E-4ED8-9BE2-C9FB8BEBB7B3}"
EndProject
Project("{FAE04EC0-301F-11D3-BF4B-00C04F79EFBC}") = "EmpleosSur.Infraestructure", "EmpleosSur.Infraestructure\EmpleosSur.Infraestructure.csproj", "{92418929-A715-4028-8918-642B61C709EC}"
EndProject
Project("{2150E333-8FDC-42A3-9474-1A3956D46DE8}") = "src", "src", "{4E17DC46-A22D-457D-853C-D488CCC1EA76}"
EndProject
Project("{2150E333-8FDC-42A3-9474-1A3956D46DE8}") = "Core", "Core", "{DC4EB5F6-119E-43E0-AC80-924FB2B27CDF}"
EndProject
Project("{2150E333-8FDC-42A3-9474-1A3956D46DE8}") = "Infraestructure", "Infraestructure", "{AF916ABA-BAEC-4352-B211-BAC50485D211}"
EndProject
Project("{2150E333-8FDC-42A3-9474-1A3956D46DE8}") = "Presentation", "Presentation", "{B2E9519C-596A-49EB-90C7-3D564D334EA5}"
EndProject
Project("{FAE04EC0-301F-11D3-BF4B-00C04F79EFBC}") = "EmpleosSur.WebAPI", "EmpleosSur.WebAPI\EmpleosSur.WebAPI.csproj", "{A5B0EBFA-12D7-4E2B-989B-C1A782534CA8}"
EndProject
Project("{2150E333-8FDC-42A3-9474-1A3956D46DE8}") = "Tests", "Tests", "{A1DEC084-FA59-4338-BCAA-ED35E6FA46D4}"
EndProject
Project("{FAE04EC0-301F-11D3-BF4B-00C04F79EFBC}") = "EmpleosSur.Tests", "EmpleosSur.Tests\EmpleosSur.Tests.csproj", "{4E48ED25-CF1E-4B2E-B38C-D1E02FD485D5}"
EndProject
Global
	GlobalSection(SolutionConfigurationPlatforms) = preSolution
		Debug|Any CPU = Debug|Any CPU
		Release|Any CPU = Release|Any CPU
	EndGlobalSection
	GlobalSection(ProjectConfigurationPlatforms) = postSolution
		{2A8A7D10-E495-4587-917D-1CC96BD5FB22}.Debug|Any CPU.ActiveCfg = Debug|Any CPU
		{2A8A7D10-E495-4587-917D-1CC96BD5FB22}.Debug|Any CPU.Build.0 = Debug|Any CPU
		{2A8A7D10-E495-4587-917D-1CC96BD5FB22}.Release|Any CPU.ActiveCfg = Release|Any CPU
		{2A8A7D10-E495-4587-917D-1CC96BD5FB22}.Release|Any CPU.Build.0 = Release|Any CPU
		{2D4AA0B9-C08E-4ED8-9BE2-C9FB8BEBB7B3}.Debug|Any CPU.ActiveCfg = Debug|Any CPU
		{2D4AA0B9-C08E-4ED8-9BE2-C9FB8BEBB7B3}.Debug|Any CPU.Build.0 = Debug|Any CPU
		{2D4AA0B9-C08E-4ED8-9BE2-C9FB8BEBB7B3}.Release|Any CPU.ActiveCfg = Release|Any CPU
		{2D4AA0B9-C08E-4ED8-9BE2-C9FB8BEBB7B3}.Release|Any CPU.Build.0 = Release|Any CPU
		{92418929-A715-4028-8918-642B61C709EC}.Debug|Any CPU.ActiveCfg = Debug|Any CPU
		{92418929-A715-4028-8918-642B61C709EC}.Debug|Any CPU.Build.0 = Debug|Any CPU
		{92418929-A715-4028-8918-642B61C709EC}.Release|Any CPU.ActiveCfg = Release|Any CPU
		{92418929-A715-4028-8918-642B61C709EC}.Release|Any CPU.Build.0 = Release|Any CPU
		{A5B0EBFA-12D7-4E2B-989B-C1A782534CA8}.Debug|Any CPU.ActiveCfg = Debug|Any CPU
		{A5B0EBFA-12D7-4E2B-989B-C1A782534CA8}.Debug|Any CPU.Build.0 = Debug|Any CPU
		{A5B0EBFA-12D7-4E2B-989B-C1A782534CA8}.Release|Any CPU.ActiveCfg = Release|Any CPU
		{A5B0EBFA-12D7-4E2B-989B-C1A782534CA8}.Release|Any CPU.Build.0 = Release|Any CPU
		{4E48ED25-CF1E-4B2E-B38C-D1E02FD485D5}.Debug|Any CPU.ActiveCfg = Debug|Any CPU
		{4E48ED25-CF1E-4B2E-B38C-D1E02FD485D5}.Debug|Any CPU.Build.0 = Debug|Any CPU
		{4E48ED25-CF1E-4B2E-B38C-D1E02FD485D5}.Release|Any CPU.ActiveCfg = Release|Any CPU
		{4E48ED25-CF1E-4B2E-B38C-D1E02FD485D5}.Release|Any CPU.Build.0 = Release|Any CPU
	EndGlobalSection
	GlobalSection(SolutionProperties) = preSolution
		HideSolutionNode = FALSE
	EndGlobalSection
	GlobalSection(NestedProjects) = preSolution
		{2A8A7D10-E495-4587-917D-1CC96BD5FB22} = {DC4EB5F6-119E-43E0-AC80-924FB2B27CDF}
		{2D4AA0B9-C08E-4ED8-9BE2-C9FB8BEBB7B3} = {DC4EB5F6-119E-43E0-AC80-924FB2B27CDF}
		{92418929-A715-4028-8918-642B61C709EC} = {AF916ABA-BAEC-4352-B211-BAC50485D211}
		{DC4EB5F6-119E-43E0-AC80-924FB2B27CDF} = {4E17DC46-A22D-457D-853C-D488CCC1EA76}
		{AF916ABA-BAEC-4352-B211-BAC50485D211} = {4E17DC46-A22D-457D-853C-D488CCC1EA76}
		{B2E9519C-596A-49EB-90C7-3D564D334EA5} = {4E17DC46-A22D-457D-853C-D488CCC1EA76}
		{A5B0EBFA-12D7-4E2B-989B-C1A782534CA8} = {B2E9519C-596A-49EB-90C7-3D564D334EA5}
		{A1DEC084-FA59-4338-BCAA-ED35E6FA46D4} = {4E17DC46-A22D-457D-853C-D488CCC1EA76}
		{4E48ED25-CF1E-4B2E-B38C-D1E02FD485D5} = {A1DEC084-FA59-4338-BCAA-ED35E6FA46D4}
	EndGlobalSection
EndGlobal
